
Microsoft Visual Studio Solution File, Format Version 12.00
# Visual Studio Version 17
VisualStudioVersion = 17.13.35919.96 d17.13
MinimumVisualStudioVersion = 10.0.40219.1
Project("{FAE04EC0-301F-11D3-BF4B-00C04F79EFBC}") = "Lab1_RIK", "Lab1_RIK.csproj", "{F2F554BF-4E33-4E43-9AA8-73C69CF53DD3}"
EndProject
Global
	GlobalSection(SolutionConfigurationPlatforms) = preSolution
		Debug|Any CPU = Debug|Any CPU
		Release|Any CPU = Release|Any CPU
	EndGlobalSection
	GlobalSection(ProjectConfigurationPlatforms) = postSolution
		{F2F554BF-4E33-4E43-9AA8-73C69CF53DD3}.Debug|Any CPU.ActiveCfg = Debug|Any CPU
		{F2F554BF-4E33-4E43-9AA8-73C69CF53DD3}.Debug|Any CPU.Build.0 = Debug|Any CPU
		{F2F554BF-4E33-4E43-9AA8-73C69CF53DD3}.Release|Any CPU.ActiveCfg = Release|Any CPU
		{F2F554BF-4E33-4E43-9AA8-73C69CF53DD3}.Release|Any CPU.Build.0 = Release|Any CPU
	EndGlobalSection
	GlobalSection(SolutionProperties) = preSolution
		HideSolutionNode = FALSE
	EndGlobalSection
	GlobalSection(ExtensibilityGlobals) = postSolution
		SolutionGuid = {6E3C33C8-F335-440A-ADCF-3BBB18BCFDE4}
	EndGlobalSection
EndGlobal
